PODS:
  - abto_voip_sdk (0.0.1):
    - Flutter
  - Flutter (1.0.0)

DEPENDENCIES:
  - abto_voip_sdk (from `.symlinks/plugins/abto_voip_sdk/ios`)
  - Flutter (from `Flutter`)

EXTERNAL SOURCES:
  abto_voip_sdk:
    :path: ".symlinks/plugins/abto_voip_sdk/ios"
  Flutter:
    :path: Flutter

SPEC CHECKSUMS:
  abto_voip_sdk: ea5e1cd66d9e074e1ab224fd6ea33120cca9ec15
  Flutter: e0871f40cf51350855a761d2e70bf5af5b9b5de7

PODFILE CHECKSUM: c4c93c5f6502fe2754f48404d3594bf779584011

COCOAPODS: 1.15.2
